
Microsoft Visual Studio Solution File, Format Version 12.00
# Visual Studio Version 16
VisualStudioVersion = 16.0.29905.134
MinimumVisualStudioVersion = 10.0.40219.1
Project("{FAE04EC0-301F-11D3-BF4B-00C04F79EFBC}") = "DataAccessLayer", "DataAccessLayer\DataAccessLayer.csproj", "{C08AEAAA-CDE4-44A0-9DCD-37DDF2787DC5}"
EndProject
Project("{FAE04EC0-301F-11D3-BF4B-00C04F79EFBC}") = "BusinessLogicLayer", "BusinessLogicLayer\BusinessLogicLayer.csproj", "{705717AB-A12B-40A9-B398-5655E8FA413D}"
EndProject
Project("{FAE04EC0-301F-11D3-BF4B-00C04F79EFBC}") = "TestWebApplication1", "TestWebApplication1\TestWebApplication1.csproj", "{6BDCCB1B-F5B2-4A84-994E-6EC759256D24}"
EndProject
Global
	GlobalSection(SolutionConfigurationPlatforms) = preSolution
		Debug|Any CPU = Debug|Any CPU
		Release|Any CPU = Release|Any CPU
	EndGlobalSection
	GlobalSection(ProjectConfigurationPlatforms) = postSolution
		{C08AEAAA-CDE4-44A0-9DCD-37DDF2787DC5}.Debug|Any CPU.ActiveCfg = Debug|Any CPU
		{C08AEAAA-CDE4-44A0-9DCD-37DDF2787DC5}.Debug|Any CPU.Build.0 = Debug|Any CPU
		{C08AEAAA-CDE4-44A0-9DCD-37DDF2787DC5}.Release|Any CPU.ActiveCfg = Release|Any CPU
		{C08AEAAA-CDE4-44A0-9DCD-37DDF2787DC5}.Release|Any CPU.Build.0 = Release|Any CPU
		{705717AB-A12B-40A9-B398-5655E8FA413D}.Debug|Any CPU.ActiveCfg = Debug|Any CPU
		{705717AB-A12B-40A9-B398-5655E8FA413D}.Debug|Any CPU.Build.0 = Debug|Any CPU
		{705717AB-A12B-40A9-B398-5655E8FA413D}.Release|Any CPU.ActiveCfg = Release|Any CPU
		{705717AB-A12B-40A9-B398-5655E8FA413D}.Release|Any CPU.Build.0 = Release|Any CPU
		{6BDCCB1B-F5B2-4A84-994E-6EC759256D24}.Debug|Any CPU.ActiveCfg = Debug|Any CPU
		{6BDCCB1B-F5B2-4A84-994E-6EC759256D24}.Debug|Any CPU.Build.0 = Debug|Any CPU
		{6BDCCB1B-F5B2-4A84-994E-6EC759256D24}.Release|Any CPU.ActiveCfg = Release|Any CPU
		{6BDCCB1B-F5B2-4A84-994E-6EC759256D24}.Release|Any CPU.Build.0 = Release|Any CPU
	EndGlobalSection
	GlobalSection(SolutionProperties) = preSolution
		HideSolutionNode = FALSE
	EndGlobalSection
	GlobalSection(ExtensibilityGlobals) = postSolution
		SolutionGuid = {8456ED61-4511-4E98-828C-05373C4BCE7F}
	EndGlobalSection
EndGlobal
