
Microsoft Visual Studio Solution File, Format Version 12.00
# Visual Studio Version 16
VisualStudioVersion = 16.0.29905.134
MinimumVisualStudioVersion = 10.0.40219.1
Project("{FAE04EC0-301F-11D3-BF4B-00C04F79EFBC}") = "TheTask", "TheTask\TheTask.csproj", "{E28BA364-39DE-427A-83A6-E599977F0ADB}"
EndProject
Project("{FAE04EC0-301F-11D3-BF4B-00C04F79EFBC}") = "BL", "BL\BL.csproj", "{D12B1065-E3D8-49A4-BBCB-F0E389B144EE}"
EndProject
Project("{FAE04EC0-301F-11D3-BF4B-00C04F79EFBC}") = "DAL", "DAL\DAL.csproj", "{4211184D-5DB0-411E-8F09-E04AD8F978C3}"
EndProject
Global
	GlobalSection(SolutionConfigurationPlatforms) = preSolution
		Debug|Any CPU = Debug|Any CPU
		Release|Any CPU = Release|Any CPU
	EndGlobalSection
	GlobalSection(ProjectConfigurationPlatforms) = postSolution
		{E28BA364-39DE-427A-83A6-E599977F0ADB}.Debug|Any CPU.ActiveCfg = Debug|Any CPU
		{E28BA364-39DE-427A-83A6-E599977F0ADB}.Debug|Any CPU.Build.0 = Debug|Any CPU
		{E28BA364-39DE-427A-83A6-E599977F0ADB}.Release|Any CPU.ActiveCfg = Release|Any CPU
		{E28BA364-39DE-427A-83A6-E599977F0ADB}.Release|Any CPU.Build.0 = Release|Any CPU
		{D12B1065-E3D8-49A4-BBCB-F0E389B144EE}.Debug|Any CPU.ActiveCfg = Debug|Any CPU
		{D12B1065-E3D8-49A4-BBCB-F0E389B144EE}.Debug|Any CPU.Build.0 = Debug|Any CPU
		{D12B1065-E3D8-49A4-BBCB-F0E389B144EE}.Release|Any CPU.ActiveCfg = Release|Any CPU
		{D12B1065-E3D8-49A4-BBCB-F0E389B144EE}.Release|Any CPU.Build.0 = Release|Any CPU
		{4211184D-5DB0-411E-8F09-E04AD8F978C3}.Debug|Any CPU.ActiveCfg = Debug|Any CPU
		{4211184D-5DB0-411E-8F09-E04AD8F978C3}.Debug|Any CPU.Build.0 = Debug|Any CPU
		{4211184D-5DB0-411E-8F09-E04AD8F978C3}.Release|Any CPU.ActiveCfg = Release|Any CPU
		{4211184D-5DB0-411E-8F09-E04AD8F978C3}.Release|Any CPU.Build.0 = Release|Any CPU
	EndGlobalSection
	GlobalSection(SolutionProperties) = preSolution
		HideSolutionNode = FALSE
	EndGlobalSection
	GlobalSection(ExtensibilityGlobals) = postSolution
		SolutionGuid = {E847A611-156A-45E4-BCDF-9B2E27B7528F}
	EndGlobalSection
EndGlobal
