
Microsoft Visual Studio Solution File, Format Version 12.00
# Visual Studio Version 16
VisualStudioVersion = 16.0.29905.134
MinimumVisualStudioVersion = 10.0.40219.1
Project("{FAE04EC0-301F-11D3-BF4B-00C04F79EFBC}") = "SOLID", "SOLID\SOLID.csproj", "{EAB045DA-3A94-48F7-A5BC-E52FDBE938E8}"
EndProject
Global
	GlobalSection(SolutionConfigurationPlatforms) = preSolution
		Debug|Any CPU = Debug|Any CPU
		Release|Any CPU = Release|Any CPU
	EndGlobalSection
	GlobalSection(ProjectConfigurationPlatforms) = postSolution
		{EAB045DA-3A94-48F7-A5BC-E52FDBE938E8}.Debug|Any CPU.ActiveCfg = Debug|Any CPU
		{EAB045DA-3A94-48F7-A5BC-E52FDBE938E8}.Debug|Any CPU.Build.0 = Debug|Any CPU
		{EAB045DA-3A94-48F7-A5BC-E52FDBE938E8}.Release|Any CPU.ActiveCfg = Release|Any CPU
		{EAB045DA-3A94-48F7-A5BC-E52FDBE938E8}.Release|Any CPU.Build.0 = Release|Any CPU
	EndGlobalSection
	GlobalSection(SolutionProperties) = preSolution
		HideSolutionNode = FALSE
	EndGlobalSection
	GlobalSection(ExtensibilityGlobals) = postSolution
		SolutionGuid = {98512909-21A5-4AFE-8F28-1C9A008708E9}
	EndGlobalSection
EndGlobal
