
Microsoft Visual Studio Solution File, Format Version 12.00
# Visual Studio Version 16
VisualStudioVersion = 16.0.29905.134
MinimumVisualStudioVersion = 10.0.40219.1
Project("{FAE04EC0-301F-11D3-BF4B-00C04F79EFBC}") = "InternetMag", "InternetMag\InternetMag.csproj", "{F94E1AB8-34F4-417D-BD77-840716D2D034}"
EndProject
Project("{FAE04EC0-301F-11D3-BF4B-00C04F79EFBC}") = "BL", "BL\BL.csproj", "{54480F2C-87D2-4262-A032-1F61660353B5}"
EndProject
Project("{FAE04EC0-301F-11D3-BF4B-00C04F79EFBC}") = "DAL", "DAL\DAL.csproj", "{BADD1658-949C-4136-9AE1-E71E04B6BB7B}"
EndProject
Project("{FAE04EC0-301F-11D3-BF4B-00C04F79EFBC}") = "InternetMagApi", "InternetMagApi\InternetMagApi.csproj", "{2E158765-4189-4E65-AF86-7E94AA183685}"
EndProject
Global
	GlobalSection(SolutionConfigurationPlatforms) = preSolution
		Debug|Any CPU = Debug|Any CPU
		Release|Any CPU = Release|Any CPU
	EndGlobalSection
	GlobalSection(ProjectConfigurationPlatforms) = postSolution
		{F94E1AB8-34F4-417D-BD77-840716D2D034}.Debug|Any CPU.ActiveCfg = Debug|Any CPU
		{F94E1AB8-34F4-417D-BD77-840716D2D034}.Debug|Any CPU.Build.0 = Debug|Any CPU
		{F94E1AB8-34F4-417D-BD77-840716D2D034}.Release|Any CPU.ActiveCfg = Release|Any CPU
		{F94E1AB8-34F4-417D-BD77-840716D2D034}.Release|Any CPU.Build.0 = Release|Any CPU
		{54480F2C-87D2-4262-A032-1F61660353B5}.Debug|Any CPU.ActiveCfg = Debug|Any CPU
		{54480F2C-87D2-4262-A032-1F61660353B5}.Debug|Any CPU.Build.0 = Debug|Any CPU
		{54480F2C-87D2-4262-A032-1F61660353B5}.Release|Any CPU.ActiveCfg = Release|Any CPU
		{54480F2C-87D2-4262-A032-1F61660353B5}.Release|Any CPU.Build.0 = Release|Any CPU
		{BADD1658-949C-4136-9AE1-E71E04B6BB7B}.Debug|Any CPU.ActiveCfg = Debug|Any CPU
		{BADD1658-949C-4136-9AE1-E71E04B6BB7B}.Debug|Any CPU.Build.0 = Debug|Any CPU
		{BADD1658-949C-4136-9AE1-E71E04B6BB7B}.Release|Any CPU.ActiveCfg = Release|Any CPU
		{BADD1658-949C-4136-9AE1-E71E04B6BB7B}.Release|Any CPU.Build.0 = Release|Any CPU
		{2E158765-4189-4E65-AF86-7E94AA183685}.Debug|Any CPU.ActiveCfg = Debug|Any CPU
		{2E158765-4189-4E65-AF86-7E94AA183685}.Debug|Any CPU.Build.0 = Debug|Any CPU
		{2E158765-4189-4E65-AF86-7E94AA183685}.Release|Any CPU.ActiveCfg = Release|Any CPU
		{2E158765-4189-4E65-AF86-7E94AA183685}.Release|Any CPU.Build.0 = Release|Any CPU
	EndGlobalSection
	GlobalSection(SolutionProperties) = preSolution
		HideSolutionNode = FALSE
	EndGlobalSection
	GlobalSection(ExtensibilityGlobals) = postSolution
		SolutionGuid = {CB125D10-289B-4CC3-973A-50361A5E1FDD}
	EndGlobalSection
EndGlobal
